
Microsoft Visual Studio Solution File, Format Version 12.00
# Visual Studio Version 17
VisualStudioVersion = 17.9.34616.47
MinimumVisualStudioVersion = 10.0.40219.1
Project("{FAE04EC0-301F-11D3-BF4B-00C04F79EFBC}") = "Main", "Main\Main.csproj", "{ADC57194-C908-40CB-BA3C-E52DC0945D87}"
EndProject
Project("{FAE04EC0-301F-11D3-BF4B-00C04F79EFBC}") = "AljabarLibraries", "AljabarLibraries\AljabarLibraries.csproj", "{3BF107AD-591D-4BEE-B54F-2A0B95C9FDBD}"
EndProject
Project("{FAE04EC0-301F-11D3-BF4B-00C04F79EFBC}") = "AljabarLibraries2", "AljabarLibraries2\AljabarLibraries2.csproj", "{33D97B12-37B6-445A-8525-9A4D6DAA9C7A}"
EndProject
Global
	GlobalSection(SolutionConfigurationPlatforms) = preSolution
		Debug|Any CPU = Debug|Any CPU
		Release|Any CPU = Release|Any CPU
	EndGlobalSection
	GlobalSection(ProjectConfigurationPlatforms) = postSolution
		{ADC57194-C908-40CB-BA3C-E52DC0945D87}.Debug|Any CPU.ActiveCfg = Debug|Any CPU
		{ADC57194-C908-40CB-BA3C-E52DC0945D87}.Debug|Any CPU.Build.0 = Debug|Any CPU
		{ADC57194-C908-40CB-BA3C-E52DC0945D87}.Release|Any CPU.ActiveCfg = Release|Any CPU
		{ADC57194-C908-40CB-BA3C-E52DC0945D87}.Release|Any CPU.Build.0 = Release|Any CPU
		{3BF107AD-591D-4BEE-B54F-2A0B95C9FDBD}.Debug|Any CPU.ActiveCfg = Debug|Any CPU
		{3BF107AD-591D-4BEE-B54F-2A0B95C9FDBD}.Debug|Any CPU.Build.0 = Debug|Any CPU
		{3BF107AD-591D-4BEE-B54F-2A0B95C9FDBD}.Release|Any CPU.ActiveCfg = Release|Any CPU
		{3BF107AD-591D-4BEE-B54F-2A0B95C9FDBD}.Release|Any CPU.Build.0 = Release|Any CPU
		{33D97B12-37B6-445A-8525-9A4D6DAA9C7A}.Debug|Any CPU.ActiveCfg = Debug|Any CPU
		{33D97B12-37B6-445A-8525-9A4D6DAA9C7A}.Debug|Any CPU.Build.0 = Debug|Any CPU
		{33D97B12-37B6-445A-8525-9A4D6DAA9C7A}.Release|Any CPU.ActiveCfg = Release|Any CPU
		{33D97B12-37B6-445A-8525-9A4D6DAA9C7A}.Release|Any CPU.Build.0 = Release|Any CPU
	EndGlobalSection
	GlobalSection(SolutionProperties) = preSolution
		HideSolutionNode = FALSE
	EndGlobalSection
	GlobalSection(ExtensibilityGlobals) = postSolution
		SolutionGuid = {143B4081-4423-47F4-AFDD-37651E6DEE3F}
	EndGlobalSection
EndGlobal
